{
    "name": "palm-netlify-proxy",
    "version": "1.0.0",
    "lockfileVersion": 3,
    "requires": true,
    "packages": {
        "": {
            "name": "palm-netlify-proxy",
            "version": "1.0.0",
            "devDependencies": {
                "@netlify/edge-functions": "2.3.1"
            }
        },
        "node_modules/@netlify/edge-functions": {
            "version": "2.3.1",
            "resolved": "https://registry.npmjs.org/@netlify/edge-functions/-/edge-functions-2.3.1.tgz",
            "integrity": "sha512-3sJzP1DmzMZppkAZpUixdHA4ryiKD1NSpLMRViYStE9Oe10rZPSnM8yl6A90vTBqCYvbAF5S7W9oPf2ucrCCIQ==",
            "dev": true
        }
    }
}
